// !$*UTF8*$!
{
	archiveVersion = 1;
	classes = {
	};
	objectVersion = 55;
	objects = {

/* Begin PBXBuildFile section */
		50982256E9E7DF102DC5C832 /* Pods_FoursquareCloneParse.framework in Frameworks */ = {isa = PBXBuildFile; fileRef = AFF936C0C67D2EF7AE0483BC /* Pods_FoursquareCloneParse.framework */; };
		EE0A6CEC27DF9D7B009CC5FF /* PlaceModel.swift in Sources */ = {isa = PBXBuildFile; fileRef = EE0A6CEB27DF9D7B009CC5FF /* PlaceModel.swift */; };
		EE607CD627D3EC77008AECA9 /* AppDelegate.swift in Sources */ = {isa = PBXBuildFile; fileRef = EE607CD527D3EC77008AECA9 /* AppDelegate.swift */; };
		EE607CD827D3EC77008AECA9 /* SceneDelegate.swift in Sources */ = {isa = PBXBuildFile; fileRef = EE607CD727D3EC77008AECA9 /* SceneDelegate.swift */; };
		EE607CDA27D3EC77008AECA9 /* SignUpVc.swift in Sources */ = {isa = PBXBuildFile; fileRef = EE607CD927D3EC77008AECA9 /* SignUpVc.swift */; };
		EE607CDD27D3EC77008AECA9 /* Main.storyboard in Resources */ = {isa = PBXBuildFile; fileRef = EE607CDB27D3EC77008AECA9 /* Main.storyboard */; };
		EE607CDF27D3EC77008AECA9 /* Assets.xcassets in Resources */ = {isa = PBXBuildFile; fileRef = EE607CDE27D3EC77008AECA9 /* Assets.xcassets */; };
		EE607CE227D3EC77008AECA9 /* LaunchScreen.storyboard in Resources */ = {isa = PBXBuildFile; fileRef = EE607CE027D3EC77008AECA9 /* LaunchScreen.storyboard */; };
		EEC1631D27DD251700EB8202 /* PlacesVC.swift in Sources */ = {isa = PBXBuildFile; fileRef = EEC1631C27DD251700EB8202 /* PlacesVC.swift */; };
		EEC1631F27DD479E00EB8202 /* AddplaceVC.swift in Sources */ = {isa = PBXBuildFile; fileRef = EEC1631E27DD479E00EB8202 /* AddplaceVC.swift */; };
		EEC1632127DD845900EB8202 /* MapVC.swift in Sources */ = {isa = PBXBuildFile; fileRef = EEC1632027DD845900EB8202 /* MapVC.swift */; };
		EEC1632327DF7CE300EB8202 /* DetailsVC.swift in Sources */ = {isa = PBXBuildFile; fileRef = EEC1632227DF7CE300EB8202 /* DetailsVC.swift */; };
/* End PBXBuildFile section */

/* Begin PBXFileReference section */
		AFF936C0C67D2EF7AE0483BC /* Pods_FoursquareCloneParse.framework */ = {isa = PBXFileReference; explicitFileType = wrapper.framework; includeInIndex = 0; path = Pods_FoursquareCloneParse.framework; sourceTree = BUILT_PRODUCTS_DIR; };
		D6E7FC6CA61A75C39592DBA2 /* Pods-FoursquareCloneParse.debug.xcconfig */ = {isa = PBXFileReference; includeInIndex = 1; lastKnownFileType = text.xcconfig; name = "Pods-FoursquareCloneParse.debug.xcconfig"; path = "Target Support Files/Pods-FoursquareCloneParse/Pods-FoursquareCloneParse.debug.xcconfig"; sourceTree = "<group>"; };
		EE0A6CEB27DF9D7B009CC5FF /* PlaceModel.swift */ = {isa = PBXFileReference; lastKnownFileType = sourcecode.swift; path = PlaceModel.swift; sourceTree = "<group>"; };
		EE607CD227D3EC77008AECA9 /* FoursquareCloneParse.app */ = {isa = PBXFileReference; explicitFileType = wrapper.application; includeInIndex = 0; path = FoursquareCloneParse.app; sourceTree = BUILT_PRODUCTS_DIR; };
		EE607CD527D3EC77008AECA9 /* AppDelegate.swift */ = {isa = PBXFileReference; lastKnownFileType = sourcecode.swift; path = AppDelegate.swift; sourceTree = "<group>"; };
		EE607CD727D3EC77008AECA9 /* SceneDelegate.swift */ = {isa = PBXFileReference; lastKnownFileType = sourcecode.swift; path = SceneDelegate.swift; sourceTree = "<group>"; };
		EE607CD927D3EC77008AECA9 /* SignUpVc.swift */ = {isa = PBXFileReference; lastKnownFileType = sourcecode.swift; path = SignUpVc.swift; sourceTree = "<group>"; };
		EE607CDC27D3EC77008AECA9 /* Base */ = {isa = PBXFileReference; lastKnownFileType = file.storyboard; name = Base; path = Base.lproj/Main.storyboard; sourceTree = "<group>"; };
		EE607CDE27D3EC77008AECA9 /* Assets.xcassets */ = {isa = PBXFileReference; lastKnownFileType = folder.assetcatalog; path = Assets.xcassets; sourceTree = "<group>"; };
		EE607CE127D3EC77008AECA9 /* Base */ = {isa = PBXFileReference; lastKnownFileType = file.storyboard; name = Base; path = Base.lproj/LaunchScreen.storyboard; sourceTree = "<group>"; };
		EE607CE327D3EC77008AECA9 /* Info.plist */ = {isa = PBXFileReference; lastKnownFileType = text.plist.xml; path = Info.plist; sourceTree = "<group>"; };
		EEC1631C27DD251700EB8202 /* PlacesVC.swift */ = {isa = PBXFileReference; lastKnownFileType = sourcecode.swift; path = PlacesVC.swift; sourceTree = "<group>"; };
		EEC1631E27DD479E00EB8202 /* AddplaceVC.swift */ = {isa = PBXFileReference; lastKnownFileType = sourcecode.swift; path = AddplaceVC.swift; sourceTree = "<group>"; };
		EEC1632027DD845900EB8202 /* MapVC.swift */ = {isa = PBXFileReference; lastKnownFileType = sourcecode.swift; path = MapVC.swift; sourceTree = "<group>"; };
		EEC1632227DF7CE300EB8202 /* DetailsVC.swift */ = {isa = PBXFileReference; lastKnownFileType = sourcecode.swift; path = DetailsVC.swift; sourceTree = "<group>"; };
		F1FC7EE9C483D0FB46CD812B /* Pods-FoursquareCloneParse.release.xcconfig */ = {isa = PBXFileReference; includeInIndex = 1; lastKnownFileType = text.xcconfig; name = "Pods-FoursquareCloneParse.release.xcconfig"; path = "Target Support Files/Pods-FoursquareCloneParse/Pods-FoursquareCloneParse.release.xcconfig"; sourceTree = "<group>"; };
/* End PBXFileReference section */

/* Begin PBXFrameworksBuildPhase section */
		EE607CCF27D3EC77008AECA9 /* Frameworks */ = {
			isa = PBXFrameworksBuildPhase;
			buildActionMask = 2147483647;
			files = (
				50982256E9E7DF102DC5C832 /* Pods_FoursquareCloneParse.framework in Frameworks */,
			);
			runOnlyForDeploymentPostprocessing = 0;
		};
/* End PBXFrameworksBuildPhase section */

/* Begin PBXGroup section */
		09FC2F520427F3B2594C2CE4 /* Pods */ = {
			isa = PBXGroup;
			children = (
				D6E7FC6CA61A75C39592DBA2 /* Pods-FoursquareCloneParse.debug.xcconfig */,
				F1FC7EE9C483D0FB46CD812B /* Pods-FoursquareCloneParse.release.xcconfig */,
			);
			path = Pods;
			sourceTree = "<group>";
		};
		C31621266E9602DE1BC8E2A5 /* Frameworks */ = {
			isa = PBXGroup;
			children = (
				AFF936C0C67D2EF7AE0483BC /* Pods_FoursquareCloneParse.framework */,
			);
			name = Frameworks;
			sourceTree = "<group>";
		};
		EE607CC927D3EC77008AECA9 = {
			isa = PBXGroup;
			children = (
				EE607CD427D3EC77008AECA9 /* FoursquareCloneParse */,
				EE607CD327D3EC77008AECA9 /* Products */,
				09FC2F520427F3B2594C2CE4 /* Pods */,
				C31621266E9602DE1BC8E2A5 /* Frameworks */,
			);
			sourceTree = "<group>";
		};
		EE607CD327D3EC77008AECA9 /* Products */ = {
			isa = PBXGroup;
			children = (
				EE607CD227D3EC77008AECA9 /* FoursquareCloneParse.app */,
			);
			name = Products;
			sourceTree = "<group>";
		};
		EE607CD427D3EC77008AECA9 /* FoursquareCloneParse */ = {
			isa = PBXGroup;
			children = (
				EE607CD527D3EC77008AECA9 /* AppDelegate.swift */,
				EE607CD727D3EC77008AECA9 /* SceneDelegate.swift */,
				EE607CD927D3EC77008AECA9 /* SignUpVc.swift */,
				EEC1631C27DD251700EB8202 /* PlacesVC.swift */,
				EEC1631E27DD479E00EB8202 /* AddplaceVC.swift */,
				EEC1632027DD845900EB8202 /* MapVC.swift */,
				EEC1632227DF7CE300EB8202 /* DetailsVC.swift */,
				EE0A6CEB27DF9D7B009CC5FF /* PlaceModel.swift */,
				EE607CDB27D3EC77008AECA9 /* Main.storyboard */,
				EE607CDE27D3EC77008AECA9 /* Assets.xcassets */,
				EE607CE027D3EC77008AECA9 /* LaunchScreen.storyboard */,
				EE607CE327D3EC77008AECA9 /* Info.plist */,
			);
			path = FoursquareCloneParse;
			sourceTree = "<group>";
		};
/* End PBXGroup section */

/* Begin PBXNativeTarget section */
		EE607CD127D3EC77008AECA9 /* FoursquareCloneParse */ = {
			isa = PBXNativeTarget;
			buildConfigurationList = EE607CE627D3EC77008AECA9 /* Build configuration list for PBXNativeTarget "FoursquareCloneParse" */;
			buildPhases = (
				9F0C4D5FE83A75A67B236B28 /* [CP] Check Pods Manifest.lock */,
				EE607CCE27D3EC77008AECA9 /* Sources */,
				EE607CCF27D3EC77008AECA9 /* Frameworks */,
				EE607CD027D3EC77008AECA9 /* Resources */,
				C2FFA150E72E94350750EF87 /* [CP] Embed Pods Frameworks */,
			);
			buildRules = (
			);
			dependencies = (
			);
			name = FoursquareCloneParse;
			productName = FoursquareCloneParse;
			productReference = EE607CD227D3EC77008AECA9 /* FoursquareCloneParse.app */;
			productType = "com.apple.product-type.application";
		};
/* End PBXNativeTarget section */

/* Begin PBXProject section */
		EE607CCA27D3EC77008AECA9 /* Project object */ = {
			isa = PBXProject;
			attributes = {
				BuildIndependentTargetsInParallel = 1;
				LastSwiftUpdateCheck = 1310;
				LastUpgradeCheck = 1310;
				TargetAttributes = {
					EE607CD127D3EC77008AECA9 = {
						CreatedOnToolsVersion = 13.1;
					};
				};
			};
			buildConfigurationList = EE607CCD27D3EC77008AECA9 /* Build configuration list for PBXProject "FoursquareCloneParse" */;
			compatibilityVersion = "Xcode 13.0";
			developmentRegion = en;
			hasScannedForEncodings = 0;
			knownRegions = (
				en,
				Base,
			);
			mainGroup = EE607CC927D3EC77008AECA9;
			productRefGroup = EE607CD327D3EC77008AECA9 /* Products */;
			projectDirPath = "";
			projectRoot = "";
			targets = (
				EE607CD127D3EC77008AECA9 /* FoursquareCloneParse */,
			);
		};
/* End PBXProject section */

/* Begin PBXResourcesBuildPhase section */
		EE607CD027D3EC77008AECA9 /* Resources */ = {
			isa = PBXResourcesBuildPhase;
			buildActionMask = 2147483647;
			files = (
				EE607CE227D3EC77008AECA9 /* LaunchScreen.storyboard in Resources */,
				EE607CDF27D3EC77008AECA9 /* Assets.xcassets in Resources */,
				EE607CDD27D3EC77008AECA9 /* Main.storyboard in Resources */,
			);
			runOnlyForDeploymentPostprocessing = 0;
		};
/* End PBXResourcesBuildPhase section */

/* Begin PBXShellScriptBuildPhase section */
		9F0C4D5FE83A75A67B236B28 /* [CP] Check Pods Manifest.lock */ = {
			isa = PBXShellScriptBuildPhase;
			buildActionMask = 2147483647;
			files = (
			);
			inputFileListPaths = (
			);
			inputPaths = (
				"${PODS_PODFILE_DIR_PATH}/Podfile.lock",
				"${PODS_ROOT}/Manifest.lock",
			);
			name = "[CP] Check Pods Manifest.lock";
			outputFileListPaths = (
			);
			outputPaths = (
				"$(DERIVED_FILE_DIR)/Pods-FoursquareCloneParse-checkManifestLockResult.txt",
			);
			runOnlyForDeploymentPostprocessing = 0;
			shellPath = /bin/sh;
			shellScript = "diff \"${PODS_PODFILE_DIR_PATH}/Podfile.lock\" \"${PODS_ROOT}/Manifest.lock\" > /dev/null\nif [ $? != 0 ] ; then\n    # print error to STDERR\n    echo \"error: The sandbox is not in sync with the Podfile.lock. Run 'pod install' or update your CocoaPods installation.\" >&2\n    exit 1\nfi\n# This output is used by Xcode 'outputs' to avoid re-running this script phase.\necho \"SUCCESS\" > \"${SCRIPT_OUTPUT_FILE_0}\"\n";
			showEnvVarsInLog = 0;
		};
		C2FFA150E72E94350750EF87 /* [CP] Embed Pods Frameworks */ = {
			isa = PBXShellScriptBuildPhase;
			buildActionMask = 2147483647;
			files = (
			);
			inputFileListPaths = (
				"${PODS_ROOT}/Target Support Files/Pods-FoursquareCloneParse/Pods-FoursquareCloneParse-frameworks-${CONFIGURATION}-input-files.xcfilelist",
			);
			name = "[CP] Embed Pods Frameworks";
			outputFileListPaths = (
				"${PODS_ROOT}/Target Support Files/Pods-FoursquareCloneParse/Pods-FoursquareCloneParse-frameworks-${CONFIGURATION}-output-files.xcfilelist",
			);
			runOnlyForDeploymentPostprocessing = 0;
			shellPath = /bin/sh;
			shellScript = "\"${PODS_ROOT}/Target Support Files/Pods-FoursquareCloneParse/Pods-FoursquareCloneParse-frameworks.sh\"\n";
			showEnvVarsInLog = 0;
		};
/* End PBXShellScriptBuildPhase section */

/* Begin PBXSourcesBuildPhase section */
		EE607CCE27D3EC77008AECA9 /* Sources */ = {
			isa = PBXSourcesBuildPhase;
			buildActionMask = 2147483647;
			files = (
				EE607CDA27D3EC77008AECA9 /* SignUpVc.swift in Sources */,
				EE0A6CEC27DF9D7B009CC5FF /* PlaceModel.swift in Sources */,
				EEC1632127DD845900EB8202 /* MapVC.swift in Sources */,
				EE607CD627D3EC77008AECA9 /* AppDelegate.swift in Sources */,
				EEC1631F27DD479E00EB8202 /* AddplaceVC.swift in Sources */,
				EEC1632327DF7CE300EB8202 /* DetailsVC.swift in Sources */,
				EEC1631D27DD251700EB8202 /* PlacesVC.swift in Sources */,
				EE607CD827D3EC77008AECA9 /* SceneDelegate.swift in Sources */,
			);
			runOnlyForDeploymentPostprocessing = 0;
		};
/* End PBXSourcesBuildPhase section */

/* Begin PBXVariantGroup section */
		EE607CDB27D3EC77008AECA9 /* Main.storyboard */ = {
			isa = PBXVariantGroup;
			children = (
				EE607CDC27D3EC77008AECA9 /* Base */,
			);
			name = Main.storyboard;
			sourceTree = "<group>";
		};
		EE607CE027D3EC77008AECA9 /* LaunchScreen.storyboard */ = {
			isa = PBXVariantGroup;
			children = (
				EE607CE127D3EC77008AECA9 /* Base */,
			);
			name = LaunchScreen.storyboard;
			sourceTree = "<group>";
		};
/* End PBXVariantGroup section */

/* Begin XCBuildConfiguration section */
		EE607CE427D3EC77008AECA9 /* Debug */ = {
			isa = XCBuildConfiguration;
			buildSettings = {
				ALWAYS_SEARCH_USER_PATHS = NO;
				CLANG_ANALYZER_NONNULL = YES;
				CLANG_ANALYZER_NUMBER_OBJECT_CONVERSION = YES_AGGRESSIVE;
				CLANG_CXX_LANGUAGE_STANDARD = "gnu++17";
				CLANG_CXX_LIBRARY = "libc++";
				CLANG_ENABLE_MODULES = YES;
				CLANG_ENABLE_OBJC_ARC = YES;
				CLANG_ENABLE_OBJC_WEAK = YES;
				CLANG_WARN_BLOCK_CAPTURE_AUTORELEASING = YES;
				CLANG_WARN_BOOL_CONVERSION = YES;
				CLANG_WARN_COMMA = YES;
				CLANG_WARN_CONSTANT_CONVERSION = YES;
				CLANG_WARN_DEPRECATED_OBJC_IMPLEMENTATIONS = YES;
				CLANG_WARN_DIRECT_OBJC_ISA_USAGE = YES_ERROR;
				CLANG_WARN_DOCUMENTATION_COMMENTS = YES;
				CLANG_WARN_EMPTY_BODY = YES;
				CLANG_WARN_ENUM_CONVERSION = YES;
				CLANG_WARN_INFINITE_RECURSION = YES;
				CLANG_WARN_INT_CONVERSION = YES;
				CLANG_WARN_NON_LITERAL_NULL_CONVERSION = YES;
				CLANG_WARN_OBJC_IMPLICIT_RETAIN_SELF = YES;
				CLANG_WARN_OBJC_LITERAL_CONVERSION = YES;
				CLANG_WARN_OBJC_ROOT_CLASS = YES_ERROR;
				CLANG_WARN_QUOTED_INCLUDE_IN_FRAMEWORK_HEADER = YES;
				CLANG_WARN_RANGE_LOOP_ANALYSIS = YES;
				CLANG_WARN_STRICT_PROTOTYPES = YES;
				CLANG_WARN_SUSPICIOUS_MOVE = YES;
				CLANG_WARN_UNGUARDED_AVAILABILITY = YES_AGGRESSIVE;
				CLANG_WARN_UNREACHABLE_CODE = YES;
				CLANG_WARN__DUPLICATE_METHOD_MATCH = YES;
				COPY_PHASE_STRIP = NO;
				DEBUG_INFORMATION_FORMAT = dwarf;
				ENABLE_STRICT_OBJC_MSGSEND = YES;
				ENABLE_TESTABILITY = YES;
				GCC_C_LANGUAGE_STANDARD = gnu11;
				GCC_DYNAMIC_NO_PIC = NO;
				GCC_NO_COMMON_BLOCKS = YES;
				GCC_OPTIMIZATION_LEVEL = 0;
				GCC_PREPROCESSOR_DEFINITIONS = (
					"DEBUG=1",
					"$(inherited)",
				);
				GCC_WARN_64_TO_32_BIT_CONVERSION = YES;
				GCC_WARN_ABOUT_RETURN_TYPE = YES_ERROR;
				GCC_WARN_UNDECLARED_SELECTOR = YES;
				GCC_WARN_UNINITIALIZED_AUTOS = YES_AGGRESSIVE;
				GCC_WARN_UNUSED_FUNCTION = YES;
				GCC_WARN_UNUSED_VARIABLE = YES;
				IPHONEOS_DEPLOYMENT_TARGET = 15.0;
				MTL_ENABLE_DEBUG_INFO = INCLUDE_SOURCE;
				MTL_FAST_MATH = YES;
				ONLY_ACTIVE_ARCH = YES;
				SDKROOT = iphoneos;
				SWIFT_ACTIVE_COMPILATION_CONDITIONS = DEBUG;
				SWIFT_OPTIMIZATION_LEVEL = "-Onone";
			};
			name = Debug;
		};
		EE607CE527D3EC77008AECA9 /* Release */ = {
			isa = XCBuildConfiguration;
			buildSettings = {
				ALWAYS_SEARCH_USER_PATHS = NO;
				CLANG_ANALYZER_NONNULL = YES;
				CLANG_ANALYZER_NUMBER_OBJECT_CONVERSION = YES_AGGRESSIVE;
				CLANG_CXX_LANGUAGE_STANDARD = "gnu++17";
				CLANG_CXX_LIBRARY = "libc++";
				CLANG_ENABLE_MODULES = YES;
				CLANG_ENABLE_OBJC_ARC = YES;
				CLANG_ENABLE_OBJC_WEAK = YES;
				CLANG_WARN_BLOCK_CAPTURE_AUTORELEASING = YES;
				CLANG_WARN_BOOL_CONVERSION = YES;
				CLANG_WARN_COMMA = YES;
				CLANG_WARN_CONSTANT_CONVERSION = YES;
				CLANG_WARN_DEPRECATED_OBJC_IMPLEMENTATIONS = YES;
				CLANG_WARN_DIRECT_OBJC_ISA_USAGE = YES_ERROR;
				CLANG_WARN_DOCUMENTATION_COMMENTS = YES;
				CLANG_WARN_EMPTY_BODY = YES;
				CLANG_WARN_ENUM_CONVERSION = YES;
				CLANG_WARN_INFINITE_RECURSION = YES;
				CLANG_WARN_INT_CONVERSION = YES;
				CLANG_WARN_NON_LITERAL_NULL_CONVERSION = YES;
				CLANG_WARN_OBJC_IMPLICIT_RETAIN_SELF = YES;
				CLANG_WARN_OBJC_LITERAL_CONVERSION = YES;
				CLANG_WARN_OBJC_ROOT_CLASS = YES_ERROR;
				CLANG_WARN_QUOTED_INCLUDE_IN_FRAMEWORK_HEADER = YES;
				CLANG_WARN_RANGE_LOOP_ANALYSIS = YES;
				CLANG_WARN_STRICT_PROTOTYPES = YES;
				CLANG_WARN_SUSPICIOUS_MOVE = YES;
				CLANG_WARN_UNGUARDED_AVAILABILITY = YES_AGGRESSIVE;
				CLANG_WARN_UNREACHABLE_CODE = YES;
				CLANG_WARN__DUPLICATE_METHOD_MATCH = YES;
				COPY_PHASE_STRIP = NO;
				DEBUG_INFORMATION_FORMAT = "dwarf-with-dsym";
				ENABLE_NS_ASSERTIONS = NO;
				ENABLE_STRICT_OBJC_MSGSEND = YES;
				GCC_C_LANGUAGE_STANDARD = gnu11;
				GCC_NO_COMMON_BLOCKS = YES;
				GCC_WARN_64_TO_32_BIT_CONVERSION = YES;
				GCC_WARN_ABOUT_RETURN_TYPE = YES_ERROR;
				GCC_WARN_UNDECLARED_SELECTOR = YES;
				GCC_WARN_UNINITIALIZED_AUTOS = YES_AGGRESSIVE;
				GCC_WARN_UNUSED_FUNCTION = YES;
				GCC_WARN_UNUSED_VARIABLE = YES;
				IPHONEOS_DEPLOYMENT_TARGET = 15.0;
				MTL_ENABLE_DEBUG_INFO = NO;
				MTL_FAST_MATH = YES;
				SDKROOT = iphoneos;
				SWIFT_COMPILATION_MODE = wholemodule;
				SWIFT_OPTIMIZATION_LEVEL = "-O";
				VALIDATE_PRODUCT = YES;
			};
			name = Release;
		};
		EE607CE727D3EC77008AECA9 /* Debug */ = {
			isa = XCBuildConfiguration;
			baseConfigurationReference = D6E7FC6CA61A75C39592DBA2 /* Pods-FoursquareCloneParse.debug.xcconfig */;
			buildSettings = {
				ASSETCATALOG_COMPILER_APPICON_NAME = AppIcon;
				ASSETCATALOG_COMPILER_GLOBAL_ACCENT_COLOR_NAME = AccentColor;
				CODE_SIGN_STYLE = Automatic;
				CURRENT_PROJECT_VERSION = 1;
				DEVELOPMENT_TEAM = 6L493XH2VU;
				GENERATE_INFOPLIST_FILE = YES;
				INFOPLIST_FILE = FoursquareCloneParse/Info.plist;
				INFOPLIST_KEY_UIApplicationSupportsIndirectInputEvents = YES;
				INFOPLIST_KEY_UILaunchStoryboardName = LaunchScreen;
				INFOPLIST_KEY_UIMainStoryboardFile = Main;
				INFOPLIST_KEY_UISupportedInterfaceOrientations_iPad = "UIInterfaceOrientationPortrait UIInterfaceOrientationPortraitUpsideDown UIInterfaceOrientationLandscapeLeft UIInterfaceOrientationLandscapeRight";
				INFOPLIST_KEY_UISupportedInterfaceOrientations_iPhone = "UIInterfaceOrientationPortrait UIInterfaceOrientationLandscapeLeft UIInterfaceOrientationLandscapeRight";
				LD_RUNPATH_SEARCH_PATHS = (
					"$(inherited)",
					"@executable_path/Frameworks",
				);
				MARKETING_VERSION = 1.0;
				PRODUCT_BUNDLE_IDENTIFIER = com.Karagulburak.FoursquareCloneParse;
				PRODUCT_NAME = "$(TARGET_NAME)";
				SWIFT_EMIT_LOC_STRINGS = YES;
				SWIFT_VERSION = 5.0;
				TARGETED_DEVICE_FAMILY = "1,2";
			};
			name = Debug;
		};
		EE607CE827D3EC77008AECA9 /* Release */ = {
			isa = XCBuildConfiguration;
			baseConfigurationReference = F1FC7EE9C483D0FB46CD812B /* Pods-FoursquareCloneParse.release.xcconfig */;
			buildSettings = {
				ASSETCATALOG_COMPILER_APPICON_NAME = AppIcon;
				ASSETCATALOG_COMPILER_GLOBAL_ACCENT_COLOR_NAME = AccentColor;
				CODE_SIGN_STYLE = Automatic;
				CURRENT_PROJECT_VERSION = 1;
				DEVELOPMENT_TEAM = 6L493XH2VU;
				GENERATE_INFOPLIST_FILE = YES;
				INFOPLIST_FILE = FoursquareCloneParse/Info.plist;
				INFOPLIST_KEY_UIApplicationSupportsIndirectInputEvents = YES;
				INFOPLIST_KEY_UILaunchStoryboardName = LaunchScreen;
				INFOPLIST_KEY_UIMainStoryboardFile = Main;
				INFOPLIST_KEY_UISupportedInterfaceOrientations_iPad = "UIInterfaceOrientationPortrait UIInterfaceOrientationPortraitUpsideDown UIInterfaceOrientationLandscapeLeft UIInterfaceOrientationLandscapeRight";
				INFOPLIST_KEY_UISupportedInterfaceOrientations_iPhone = "UIInterfaceOrientationPortrait UIInterfaceOrientationLandscapeLeft UIInterfaceOrientationLandscapeRight";
				LD_RUNPATH_SEARCH_PATHS = (
					"$(inherited)",
					"@executable_path/Frameworks",
				);
				MARKETING_VERSION = 1.0;
				PRODUCT_BUNDLE_IDENTIFIER = com.Karagulburak.FoursquareCloneParse;
				PRODUCT_NAME = "$(TARGET_NAME)";
				SWIFT_EMIT_LOC_STRINGS = YES;
				SWIFT_VERSION = 5.0;
				TARGETED_DEVICE_FAMILY = "1,2";
			};
			name = Release;
		};
/* End XCBuildConfiguration section */

/* Begin XCConfigurationList section */
		EE607CCD27D3EC77008AECA9 /* Build configuration list for PBXProject "FoursquareCloneParse" */ = {
			isa = XCConfigurationList;
			buildConfigurations = (
				EE607CE427D3EC77008AECA9 /* Debug */,
				EE607CE527D3EC77008AECA9 /* Release */,
			);
			defaultConfigurationIsVisible = 0;
			defaultConfigurationName = Release;
		};
		EE607CE627D3EC77008AECA9 /* Build configuration list for PBXNativeTarget "FoursquareCloneParse" */ = {
			isa = XCConfigurationList;
			buildConfigurations = (
				EE607CE727D3EC77008AECA9 /* Debug */,
				EE607CE827D3EC77008AECA9 /* Release */,
			);
			defaultConfigurationIsVisible = 0;
			defaultConfigurationName = Release;
		};
/* End XCConfigurationList section */
	};
	rootObject = EE607CCA27D3EC77008AECA9 /* Project object */;
}
